
Microsoft Visual Studio Solution File, Format Version 12.00
# Visual Studio 15
VisualStudioVersion = 15.0.28307.852
MinimumVisualStudioVersion = 10.0.40219.1
Project("{FAE04EC0-301F-11D3-BF4B-00C04F79EFBC}") = "SCI", "SCI.csproj", "{EEBAE3C0-DD84-42F8-9758-8A22AA937228}"
EndProject
Project("{FAE04EC0-301F-11D3-BF4B-00C04F79EFBC}") = "WindowsFormsApp1", "C:\Users\刘乾\source\repos\WindowsFormsApp1\WindowsFormsApp1\WindowsFormsApp1.csproj", "{8AB44FA7-690C-44DD-95BB-96D41160B476}"
EndProject
Global
	GlobalSection(SolutionConfigurationPlatforms) = preSolution
		Debug|Any CPU = Debug|Any CPU
		Release|Any CPU = Release|Any CPU
	EndGlobalSection
	GlobalSection(ProjectConfigurationPlatforms) = postSolution
		{EEBAE3C0-DD84-42F8-9758-8A22AA937228}.Debug|Any CPU.ActiveCfg = Debug|Any CPU
		{EEBAE3C0-DD84-42F8-9758-8A22AA937228}.Debug|Any CPU.Build.0 = Debug|Any CPU
		{EEBAE3C0-DD84-42F8-9758-8A22AA937228}.Release|Any CPU.ActiveCfg = Release|Any CPU
		{EEBAE3C0-DD84-42F8-9758-8A22AA937228}.Release|Any CPU.Build.0 = Release|Any CPU
		{8AB44FA7-690C-44DD-95BB-96D41160B476}.Debug|Any CPU.ActiveCfg = Debug|Any CPU
		{8AB44FA7-690C-44DD-95BB-96D41160B476}.Debug|Any CPU.Build.0 = Debug|Any CPU
		{8AB44FA7-690C-44DD-95BB-96D41160B476}.Release|Any CPU.ActiveCfg = Release|Any CPU
		{8AB44FA7-690C-44DD-95BB-96D41160B476}.Release|Any CPU.Build.0 = Release|Any CPU
	EndGlobalSection
	GlobalSection(SolutionProperties) = preSolution
		HideSolutionNode = FALSE
	EndGlobalSection
	GlobalSection(ExtensibilityGlobals) = postSolution
		SolutionGuid = {CB031042-7406-44FD-81A6-8AE565A1E730}
	EndGlobalSection
EndGlobal
